
Microsoft Visual Studio Solution File, Format Version 12.00
# Visual Studio 15
VisualStudioVersion = 15.0.28307.489
MinimumVisualStudioVersion = 10.0.40219.1
Project("{9A19103F-16F7-4668-BE54-9A1E7A4F7556}") = "CleanArchitecture.Core", "Web\src\CleanArchitecture.Core\CleanArchitecture.Core.csproj", "{E6389731-6D26-47C2-AA41-C5212FDCF4C7}"
EndProject
Project("{9A19103F-16F7-4668-BE54-9A1E7A4F7556}") = "CleanArchitecture.Infrastructure", "Web\src\CleanArchitecture.Infrastructure\CleanArchitecture.Infrastructure.csproj", "{3A47B71B-7835-4D11-8413-2712D4C625AF}"
EndProject
Project("{9A19103F-16F7-4668-BE54-9A1E7A4F7556}") = "CleanArchitecture.Web", "Web\src\CleanArchitecture.Web\CleanArchitecture.Web.csproj", "{53A4564D-F7DB-4E81-84F8-A21F336AEEAA}"
EndProject
Project("{FAE04EC0-301F-11D3-BF4B-00C04F79EFBC}") = "XamarinApp.Android", "XamarinApp\XamarinApp.Android\XamarinApp.Android.csproj", "{26D122BA-8C3F-4143-8491-0A1F56CEA19C}"
EndProject
Project("{FAE04EC0-301F-11D3-BF4B-00C04F79EFBC}") = "XamarinApp.iOS", "XamarinApp\XamarinApp.iOS\XamarinApp.iOS.csproj", "{1B20FC8F-B045-48CB-8750-0728DEAFE437}"
EndProject
Project("{9A19103F-16F7-4668-BE54-9A1E7A4F7556}") = "XamarinApp", "XamarinApp\XamarinApp\XamarinApp.csproj", "{62D92947-4734-48F6-B7E9-4BFF72DA2D51}"
EndProject
Project("{FAE04EC0-301F-11D3-BF4B-00C04F79EFBC}") = "SharedModels", "SharedModels\SharedModels.csproj", "{9E099BD4-3310-42AC-B12D-B3AAEEEFBA6A}"
EndProject
Global
	GlobalSection(SolutionConfigurationPlatforms) = preSolution
		Debug|Any CPU = Debug|Any CPU
		Debug|iPhone = Debug|iPhone
		Debug|iPhoneSimulator = Debug|iPhoneSimulator
		Release|Any CPU = Release|Any CPU
		Release|iPhone = Release|iPhone
		Release|iPhoneSimulator = Release|iPhoneSimulator
	EndGlobalSection
	GlobalSection(ProjectConfigurationPlatforms) = postSolution
		{E6389731-6D26-47C2-AA41-C5212FDCF4C7}.Debug|Any CPU.ActiveCfg = Debug|Any CPU
		{E6389731-6D26-47C2-AA41-C5212FDCF4C7}.Debug|Any CPU.Build.0 = Debug|Any CPU
		{E6389731-6D26-47C2-AA41-C5212FDCF4C7}.Debug|iPhone.ActiveCfg = Debug|Any CPU
		{E6389731-6D26-47C2-AA41-C5212FDCF4C7}.Debug|iPhone.Build.0 = Debug|Any CPU
		{E6389731-6D26-47C2-AA41-C5212FDCF4C7}.Debug|iPhoneSimulator.ActiveCfg = Debug|Any CPU
		{E6389731-6D26-47C2-AA41-C5212FDCF4C7}.Debug|iPhoneSimulator.Build.0 = Debug|Any CPU
		{E6389731-6D26-47C2-AA41-C5212FDCF4C7}.Release|Any CPU.ActiveCfg = Release|Any CPU
		{E6389731-6D26-47C2-AA41-C5212FDCF4C7}.Release|Any CPU.Build.0 = Release|Any CPU
		{E6389731-6D26-47C2-AA41-C5212FDCF4C7}.Release|iPhone.ActiveCfg = Release|Any CPU
		{E6389731-6D26-47C2-AA41-C5212FDCF4C7}.Release|iPhone.Build.0 = Release|Any CPU
		{E6389731-6D26-47C2-AA41-C5212FDCF4C7}.Release|iPhoneSimulator.ActiveCfg = Release|Any CPU
		{E6389731-6D26-47C2-AA41-C5212FDCF4C7}.Release|iPhoneSimulator.Build.0 = Release|Any CPU
		{3A47B71B-7835-4D11-8413-2712D4C625AF}.Debug|Any CPU.ActiveCfg = Debug|Any CPU
		{3A47B71B-7835-4D11-8413-2712D4C625AF}.Debug|Any CPU.Build.0 = Debug|Any CPU
		{3A47B71B-7835-4D11-8413-2712D4C625AF}.Debug|iPhone.ActiveCfg = Debug|Any CPU
		{3A47B71B-7835-4D11-8413-2712D4C625AF}.Debug|iPhone.Build.0 = Debug|Any CPU
		{3A47B71B-7835-4D11-8413-2712D4C625AF}.Debug|iPhoneSimulator.ActiveCfg = Debug|Any CPU
		{3A47B71B-7835-4D11-8413-2712D4C625AF}.Debug|iPhoneSimulator.Build.0 = Debug|Any CPU
		{3A47B71B-7835-4D11-8413-2712D4C625AF}.Release|Any CPU.ActiveCfg = Release|Any CPU
		{3A47B71B-7835-4D11-8413-2712D4C625AF}.Release|Any CPU.Build.0 = Release|Any CPU
		{3A47B71B-7835-4D11-8413-2712D4C625AF}.Release|iPhone.ActiveCfg = Release|Any CPU
		{3A47B71B-7835-4D11-8413-2712D4C625AF}.Release|iPhone.Build.0 = Release|Any CPU
		{3A47B71B-7835-4D11-8413-2712D4C625AF}.Release|iPhoneSimulator.ActiveCfg = Release|Any CPU
		{3A47B71B-7835-4D11-8413-2712D4C625AF}.Release|iPhoneSimulator.Build.0 = Release|Any CPU
		{53A4564D-F7DB-4E81-84F8-A21F336AEEAA}.Debug|Any CPU.ActiveCfg = Debug|Any CPU
		{53A4564D-F7DB-4E81-84F8-A21F336AEEAA}.Debug|Any CPU.Build.0 = Debug|Any CPU
		{53A4564D-F7DB-4E81-84F8-A21F336AEEAA}.Debug|iPhone.ActiveCfg = Debug|Any CPU
		{53A4564D-F7DB-4E81-84F8-A21F336AEEAA}.Debug|iPhone.Build.0 = Debug|Any CPU
		{53A4564D-F7DB-4E81-84F8-A21F336AEEAA}.Debug|iPhoneSimulator.ActiveCfg = Debug|Any CPU
		{53A4564D-F7DB-4E81-84F8-A21F336AEEAA}.Debug|iPhoneSimulator.Build.0 = Debug|Any CPU
		{53A4564D-F7DB-4E81-84F8-A21F336AEEAA}.Release|Any CPU.ActiveCfg = Release|Any CPU
		{53A4564D-F7DB-4E81-84F8-A21F336AEEAA}.Release|Any CPU.Build.0 = Release|Any CPU
		{53A4564D-F7DB-4E81-84F8-A21F336AEEAA}.Release|iPhone.ActiveCfg = Release|Any CPU
		{53A4564D-F7DB-4E81-84F8-A21F336AEEAA}.Release|iPhone.Build.0 = Release|Any CPU
		{53A4564D-F7DB-4E81-84F8-A21F336AEEAA}.Release|iPhoneSimulator.ActiveCfg = Release|Any CPU
		{53A4564D-F7DB-4E81-84F8-A21F336AEEAA}.Release|iPhoneSimulator.Build.0 = Release|Any CPU
		{26D122BA-8C3F-4143-8491-0A1F56CEA19C}.Debug|Any CPU.ActiveCfg = Debug|Any CPU
		{26D122BA-8C3F-4143-8491-0A1F56CEA19C}.Debug|Any CPU.Build.0 = Debug|Any CPU
		{26D122BA-8C3F-4143-8491-0A1F56CEA19C}.Debug|Any CPU.Deploy.0 = Debug|Any CPU
		{26D122BA-8C3F-4143-8491-0A1F56CEA19C}.Debug|iPhone.ActiveCfg = Debug|Any CPU
		{26D122BA-8C3F-4143-8491-0A1F56CEA19C}.Debug|iPhone.Build.0 = Debug|Any CPU
		{26D122BA-8C3F-4143-8491-0A1F56CEA19C}.Debug|iPhone.Deploy.0 = Debug|Any CPU
		{26D122BA-8C3F-4143-8491-0A1F56CEA19C}.Debug|iPhoneSimulator.ActiveCfg = Debug|Any CPU
		{26D122BA-8C3F-4143-8491-0A1F56CEA19C}.Debug|iPhoneSimulator.Build.0 = Debug|Any CPU
		{26D122BA-8C3F-4143-8491-0A1F56CEA19C}.Debug|iPhoneSimulator.Deploy.0 = Debug|Any CPU
		{26D122BA-8C3F-4143-8491-0A1F56CEA19C}.Release|Any CPU.ActiveCfg = Release|Any CPU
		{26D122BA-8C3F-4143-8491-0A1F56CEA19C}.Release|Any CPU.Build.0 = Release|Any CPU
		{26D122BA-8C3F-4143-8491-0A1F56CEA19C}.Release|Any CPU.Deploy.0 = Release|Any CPU
		{26D122BA-8C3F-4143-8491-0A1F56CEA19C}.Release|iPhone.ActiveCfg = Release|Any CPU
		{26D122BA-8C3F-4143-8491-0A1F56CEA19C}.Release|iPhone.Build.0 = Release|Any CPU
		{26D122BA-8C3F-4143-8491-0A1F56CEA19C}.Release|iPhone.Deploy.0 = Release|Any CPU
		{26D122BA-8C3F-4143-8491-0A1F56CEA19C}.Release|iPhoneSimulator.ActiveCfg = Release|Any CPU
		{26D122BA-8C3F-4143-8491-0A1F56CEA19C}.Release|iPhoneSimulator.Build.0 = Release|Any CPU
		{26D122BA-8C3F-4143-8491-0A1F56CEA19C}.Release|iPhoneSimulator.Deploy.0 = Release|Any CPU
		{1B20FC8F-B045-48CB-8750-0728DEAFE437}.Debug|Any CPU.ActiveCfg = Debug|iPhone
		{1B20FC8F-B045-48CB-8750-0728DEAFE437}.Debug|iPhone.ActiveCfg = Debug|iPhone
		{1B20FC8F-B045-48CB-8750-0728DEAFE437}.Debug|iPhone.Build.0 = Debug|iPhone
		{1B20FC8F-B045-48CB-8750-0728DEAFE437}.Debug|iPhoneSimulator.ActiveCfg = Debug|iPhoneSimulator
		{1B20FC8F-B045-48CB-8750-0728DEAFE437}.Debug|iPhoneSimulator.Build.0 = Debug|iPhoneSimulator
		{1B20FC8F-B045-48CB-8750-0728DEAFE437}.Release|Any CPU.ActiveCfg = Release|iPhone
		{1B20FC8F-B045-48CB-8750-0728DEAFE437}.Release|iPhone.ActiveCfg = Release|iPhone
		{1B20FC8F-B045-48CB-8750-0728DEAFE437}.Release|iPhone.Build.0 = Release|iPhone
		{1B20FC8F-B045-48CB-8750-0728DEAFE437}.Release|iPhoneSimulator.ActiveCfg = Release|iPhoneSimulator
		{1B20FC8F-B045-48CB-8750-0728DEAFE437}.Release|iPhoneSimulator.Build.0 = Release|iPhoneSimulator
		{62D92947-4734-48F6-B7E9-4BFF72DA2D51}.Debug|Any CPU.ActiveCfg = Debug|Any CPU
		{62D92947-4734-48F6-B7E9-4BFF72DA2D51}.Debug|Any CPU.Build.0 = Debug|Any CPU
		{62D92947-4734-48F6-B7E9-4BFF72DA2D51}.Debug|iPhone.ActiveCfg = Debug|Any CPU
		{62D92947-4734-48F6-B7E9-4BFF72DA2D51}.Debug|iPhone.Build.0 = Debug|Any CPU
		{62D92947-4734-48F6-B7E9-4BFF72DA2D51}.Debug|iPhoneSimulator.ActiveCfg = Debug|Any CPU
		{62D92947-4734-48F6-B7E9-4BFF72DA2D51}.Debug|iPhoneSimulator.Build.0 = Debug|Any CPU
		{62D92947-4734-48F6-B7E9-4BFF72DA2D51}.Release|Any CPU.ActiveCfg = Release|Any CPU
		{62D92947-4734-48F6-B7E9-4BFF72DA2D51}.Release|Any CPU.Build.0 = Release|Any CPU
		{62D92947-4734-48F6-B7E9-4BFF72DA2D51}.Release|iPhone.ActiveCfg = Release|Any CPU
		{62D92947-4734-48F6-B7E9-4BFF72DA2D51}.Release|iPhone.Build.0 = Release|Any CPU
		{62D92947-4734-48F6-B7E9-4BFF72DA2D51}.Release|iPhoneSimulator.ActiveCfg = Release|Any CPU
		{62D92947-4734-48F6-B7E9-4BFF72DA2D51}.Release|iPhoneSimulator.Build.0 = Release|Any CPU
		{9E099BD4-3310-42AC-B12D-B3AAEEEFBA6A}.Debug|Any CPU.ActiveCfg = Debug|Any CPU
		{9E099BD4-3310-42AC-B12D-B3AAEEEFBA6A}.Debug|Any CPU.Build.0 = Debug|Any CPU
		{9E099BD4-3310-42AC-B12D-B3AAEEEFBA6A}.Debug|iPhone.ActiveCfg = Debug|Any CPU
		{9E099BD4-3310-42AC-B12D-B3AAEEEFBA6A}.Debug|iPhone.Build.0 = Debug|Any CPU
		{9E099BD4-3310-42AC-B12D-B3AAEEEFBA6A}.Debug|iPhoneSimulator.ActiveCfg = Debug|Any CPU
		{9E099BD4-3310-42AC-B12D-B3AAEEEFBA6A}.Debug|iPhoneSimulator.Build.0 = Debug|Any CPU
		{9E099BD4-3310-42AC-B12D-B3AAEEEFBA6A}.Release|Any CPU.ActiveCfg = Release|Any CPU
		{9E099BD4-3310-42AC-B12D-B3AAEEEFBA6A}.Release|Any CPU.Build.0 = Release|Any CPU
		{9E099BD4-3310-42AC-B12D-B3AAEEEFBA6A}.Release|iPhone.ActiveCfg = Release|Any CPU
		{9E099BD4-3310-42AC-B12D-B3AAEEEFBA6A}.Release|iPhone.Build.0 = Release|Any CPU
		{9E099BD4-3310-42AC-B12D-B3AAEEEFBA6A}.Release|iPhoneSimulator.ActiveCfg = Release|Any CPU
		{9E099BD4-3310-42AC-B12D-B3AAEEEFBA6A}.Release|iPhoneSimulator.Build.0 = Release|Any CPU
	EndGlobalSection
	GlobalSection(SolutionProperties) = preSolution
		HideSolutionNode = FALSE
	EndGlobalSection
	GlobalSection(ExtensibilityGlobals) = postSolution
		SolutionGuid = {D8BA55CF-AF49-49C8-99C2-03428BB71D3B}
	EndGlobalSection
EndGlobal
